// !$*UTF8*$!
{
	archiveVersion = 1;
	classes = {
	};
	objectVersion = 50;
	objects = {

/* Begin PBXBuildFile section */
		CA6536062485417F00875A62 /* ConstantsForApp.swift in Sources */ = {isa = PBXBuildFile; fileRef = CA6536052485417F00875A62 /* ConstantsForApp.swift */; };
		CA6536082487C5FB00875A62 /* ResultsTableViewController.swift in Sources */ = {isa = PBXBuildFile; fileRef = CA6536072487C5FB00875A62 /* ResultsTableViewController.swift */; };
		CA808A5224850787006CEA83 /* FetchData.swift in Sources */ = {isa = PBXBuildFile; fileRef = CA808A5124850787006CEA83 /* FetchData.swift */; };
		CA9F8A332482C4C8007DED6A /* AppDelegate.swift in Sources */ = {isa = PBXBuildFile; fileRef = CA9F8A322482C4C8007DED6A /* AppDelegate.swift */; };
		CA9F8A352482C4C8007DED6A /* SceneDelegate.swift in Sources */ = {isa = PBXBuildFile; fileRef = CA9F8A342482C4C8007DED6A /* SceneDelegate.swift */; };
		CA9F8A372482C4C8007DED6A /* ViewController.swift in Sources */ = {isa = PBXBuildFile; fileRef = CA9F8A362482C4C8007DED6A /* ViewController.swift */; };
		CA9F8A3C2482C4CD007DED6A /* Assets.xcassets in Resources */ = {isa = PBXBuildFile; fileRef = CA9F8A3B2482C4CD007DED6A /* Assets.xcassets */; };
		CA9F8A3F2482C4CD007DED6A /* LaunchScreen.storyboard in Resources */ = {isa = PBXBuildFile; fileRef = CA9F8A3D2482C4CD007DED6A /* LaunchScreen.storyboard */; };
		CA9F8A482482CEEA007DED6A /* Secrets.swift in Sources */ = {isa = PBXBuildFile; fileRef = CA9F8A472482CEEA007DED6A /* Secrets.swift */; };
		CA9F8A4B2483821A007DED6A /* Extentions.swift in Sources */ = {isa = PBXBuildFile; fileRef = CA9F8A4A2483821A007DED6A /* Extentions.swift */; };
		CA9F8A4D2483894D007DED6A /* PickerBrain.swift in Sources */ = {isa = PBXBuildFile; fileRef = CA9F8A4C2483894D007DED6A /* PickerBrain.swift */; };
		CAB13FDC24894663004476BD /* SpinnerViewController.swift in Sources */ = {isa = PBXBuildFile; fileRef = CAB13FDB24894663004476BD /* SpinnerViewController.swift */; };
		CAB13FDE24894D5C004476BD /* NameTableViewCell.swift in Sources */ = {isa = PBXBuildFile; fileRef = CAB13FDD24894D5C004476BD /* NameTableViewCell.swift */; };
		CAB13FE0248A1623004476BD /* StrainTableViewCell.swift in Sources */ = {isa = PBXBuildFile; fileRef = CAB13FDF248A1623004476BD /* StrainTableViewCell.swift */; };
		CAB13FE2248A32FC004476BD /* EffectTableViewCell.swift in Sources */ = {isa = PBXBuildFile; fileRef = CAB13FE1248A32FC004476BD /* EffectTableViewCell.swift */; };
		CAB13FE4248A34ED004476BD /* FlavorTableViewCell.swift in Sources */ = {isa = PBXBuildFile; fileRef = CAB13FE3248A34ED004476BD /* FlavorTableViewCell.swift */; };
/* End PBXBuildFile section */

/* Begin PBXFileReference section */
		CA6536052485417F00875A62 /* ConstantsForApp.swift */ = {isa = PBXFileReference; lastKnownFileType = sourcecode.swift; path = ConstantsForApp.swift; sourceTree = "<group>"; };
		CA6536072487C5FB00875A62 /* ResultsTableViewController.swift */ = {isa = PBXFileReference; lastKnownFileType = sourcecode.swift; path = ResultsTableViewController.swift; sourceTree = "<group>"; };
		CA808A5124850787006CEA83 /* FetchData.swift */ = {isa = PBXFileReference; lastKnownFileType = sourcecode.swift; path = FetchData.swift; sourceTree = "<group>"; };
		CA9F8A2F2482C4C8007DED6A /* Mariju-Wanna.app */ = {isa = PBXFileReference; explicitFileType = wrapper.application; includeInIndex = 0; path = "Mariju-Wanna.app"; sourceTree = BUILT_PRODUCTS_DIR; };
		CA9F8A322482C4C8007DED6A /* AppDelegate.swift */ = {isa = PBXFileReference; lastKnownFileType = sourcecode.swift; path = AppDelegate.swift; sourceTree = "<group>"; };
		CA9F8A342482C4C8007DED6A /* SceneDelegate.swift */ = {isa = PBXFileReference; lastKnownFileType = sourcecode.swift; path = SceneDelegate.swift; sourceTree = "<group>"; };
		CA9F8A362482C4C8007DED6A /* ViewController.swift */ = {isa = PBXFileReference; lastKnownFileType = sourcecode.swift; path = ViewController.swift; sourceTree = "<group>"; };
		CA9F8A3B2482C4CD007DED6A /* Assets.xcassets */ = {isa = PBXFileReference; lastKnownFileType = folder.assetcatalog; path = Assets.xcassets; sourceTree = "<group>"; };
		CA9F8A3E2482C4CD007DED6A /* Base */ = {isa = PBXFileReference; lastKnownFileType = file.storyboard; name = Base; path = Base.lproj/LaunchScreen.storyboard; sourceTree = "<group>"; };
		CA9F8A402482C4CD007DED6A /* Info.plist */ = {isa = PBXFileReference; lastKnownFileType = text.plist.xml; path = Info.plist; sourceTree = "<group>"; };
		CA9F8A472482CEEA007DED6A /* Secrets.swift */ = {isa = PBXFileReference; lastKnownFileType = sourcecode.swift; path = Secrets.swift; sourceTree = "<group>"; };
		CA9F8A4A2483821A007DED6A /* Extentions.swift */ = {isa = PBXFileReference; lastKnownFileType = sourcecode.swift; path = Extentions.swift; sourceTree = "<group>"; };
		CA9F8A4C2483894D007DED6A /* PickerBrain.swift */ = {isa = PBXFileReference; lastKnownFileType = sourcecode.swift; path = PickerBrain.swift; sourceTree = "<group>"; };
		CAB13FDB24894663004476BD /* SpinnerViewController.swift */ = {isa = PBXFileReference; lastKnownFileType = sourcecode.swift; path = SpinnerViewController.swift; sourceTree = "<group>"; };
		CAB13FDD24894D5C004476BD /* NameTableViewCell.swift */ = {isa = PBXFileReference; lastKnownFileType = sourcecode.swift; path = NameTableViewCell.swift; sourceTree = "<group>"; };
		CAB13FDF248A1623004476BD /* StrainTableViewCell.swift */ = {isa = PBXFileReference; lastKnownFileType = sourcecode.swift; path = StrainTableViewCell.swift; sourceTree = "<group>"; };
		CAB13FE1248A32FC004476BD /* EffectTableViewCell.swift */ = {isa = PBXFileReference; lastKnownFileType = sourcecode.swift; path = EffectTableViewCell.swift; sourceTree = "<group>"; };
		CAB13FE3248A34ED004476BD /* FlavorTableViewCell.swift */ = {isa = PBXFileReference; lastKnownFileType = sourcecode.swift; path = FlavorTableViewCell.swift; sourceTree = "<group>"; };
/* End PBXFileReference section */

/* Begin PBXFrameworksBuildPhase section */
		CA9F8A2C2482C4C8007DED6A /* Frameworks */ = {
			isa = PBXFrameworksBuildPhase;
			buildActionMask = 2147483647;
			files = (
			);
			runOnlyForDeploymentPostprocessing = 0;
		};
/* End PBXFrameworksBuildPhase section */

/* Begin PBXGroup section */
		CA9F8A262482C4C8007DED6A = {
			isa = PBXGroup;
			children = (
				CA9F8A312482C4C8007DED6A /* Mariju-Wanna */,
				CA9F8A302482C4C8007DED6A /* Products */,
			);
			sourceTree = "<group>";
		};
		CA9F8A302482C4C8007DED6A /* Products */ = {
			isa = PBXGroup;
			children = (
				CA9F8A2F2482C4C8007DED6A /* Mariju-Wanna.app */,
			);
			name = Products;
			sourceTree = "<group>";
		};
		CA9F8A312482C4C8007DED6A /* Mariju-Wanna */ = {
			isa = PBXGroup;
			children = (
				CA9F8A322482C4C8007DED6A /* AppDelegate.swift */,
				CA9F8A342482C4C8007DED6A /* SceneDelegate.swift */,
				CA9F8A492482CEF2007DED6A /* Model */,
				CA9F8A462482CCE3007DED6A /* View */,
				CA9F8A4E24838B78007DED6A /* Controller */,
				CA9F8A3B2482C4CD007DED6A /* Assets.xcassets */,
				CA9F8A3D2482C4CD007DED6A /* LaunchScreen.storyboard */,
				CA9F8A402482C4CD007DED6A /* Info.plist */,
			);
			path = "Mariju-Wanna";
			sourceTree = "<group>";
		};
		CA9F8A462482CCE3007DED6A /* View */ = {
			isa = PBXGroup;
			children = (
				CA9F8A362482C4C8007DED6A /* ViewController.swift */,
				CA6536072487C5FB00875A62 /* ResultsTableViewController.swift */,
				CAB13FDB24894663004476BD /* SpinnerViewController.swift */,
			);
			path = View;
			sourceTree = "<group>";
		};
		CA9F8A492482CEF2007DED6A /* Model */ = {
			isa = PBXGroup;
			children = (
				CA9F8A472482CEEA007DED6A /* Secrets.swift */,
				CA9F8A4A2483821A007DED6A /* Extentions.swift */,
				CA6536052485417F00875A62 /* ConstantsForApp.swift */,
				CAB13FDD24894D5C004476BD /* NameTableViewCell.swift */,
				CAB13FDF248A1623004476BD /* StrainTableViewCell.swift */,
				CAB13FE1248A32FC004476BD /* EffectTableViewCell.swift */,
				CAB13FE3248A34ED004476BD /* FlavorTableViewCell.swift */,
			);
			path = Model;
			sourceTree = "<group>";
		};
		CA9F8A4E24838B78007DED6A /* Controller */ = {
			isa = PBXGroup;
			children = (
				CA9F8A4C2483894D007DED6A /* PickerBrain.swift */,
				CA808A5124850787006CEA83 /* FetchData.swift */,
			);
			path = Controller;
			sourceTree = "<group>";
		};
/* End PBXGroup section */

/* Begin PBXNativeTarget section */
		CA9F8A2E2482C4C8007DED6A /* Mariju-Wanna */ = {
			isa = PBXNativeTarget;
			buildConfigurationList = CA9F8A432482C4CD007DED6A /* Build configuration list for PBXNativeTarget "Mariju-Wanna" */;
			buildPhases = (
				CA9F8A2B2482C4C8007DED6A /* Sources */,
				CA9F8A2C2482C4C8007DED6A /* Frameworks */,
				CA9F8A2D2482C4C8007DED6A /* Resources */,
			);
			buildRules = (
			);
			dependencies = (
			);
			name = "Mariju-Wanna";
			productName = "Mariju-Wanna";
			productReference = CA9F8A2F2482C4C8007DED6A /* Mariju-Wanna.app */;
			productType = "com.apple.product-type.application";
		};
/* End PBXNativeTarget section */

/* Begin PBXProject section */
		CA9F8A272482C4C8007DED6A /* Project object */ = {
			isa = PBXProject;
			attributes = {
				LastSwiftUpdateCheck = 1150;
				LastUpgradeCheck = 1150;
				ORGANIZATIONNAME = "Noam Efergan";
				TargetAttributes = {
					CA9F8A2E2482C4C8007DED6A = {
						CreatedOnToolsVersion = 11.5;
					};
				};
			};
			buildConfigurationList = CA9F8A2A2482C4C8007DED6A /* Build configuration list for PBXProject "Mariju-Wanna" */;
			compatibilityVersion = "Xcode 9.3";
			developmentRegion = en;
			hasScannedForEncodings = 0;
			knownRegions = (
				en,
				Base,
			);
			mainGroup = CA9F8A262482C4C8007DED6A;
			productRefGroup = CA9F8A302482C4C8007DED6A /* Products */;
			projectDirPath = "";
			projectRoot = "";
			targets = (
				CA9F8A2E2482C4C8007DED6A /* Mariju-Wanna */,
			);
		};
/* End PBXProject section */

/* Begin PBXResourcesBuildPhase section */
		CA9F8A2D2482C4C8007DED6A /* Resources */ = {
			isa = PBXResourcesBuildPhase;
			buildActionMask = 2147483647;
			files = (
				CA9F8A3F2482C4CD007DED6A /* LaunchScreen.storyboard in Resources */,
				CA9F8A3C2482C4CD007DED6A /* Assets.xcassets in Resources */,
			);
			runOnlyForDeploymentPostprocessing = 0;
		};
/* End PBXResourcesBuildPhase section */

/* Begin PBXSourcesBuildPhase section */
		CA9F8A2B2482C4C8007DED6A /* Sources */ = {
			isa = PBXSourcesBuildPhase;
			buildActionMask = 2147483647;
			files = (
				CAB13FE4248A34ED004476BD /* FlavorTableViewCell.swift in Sources */,
				CAB13FE0248A1623004476BD /* StrainTableViewCell.swift in Sources */,
				CA9F8A372482C4C8007DED6A /* ViewController.swift in Sources */,
				CA6536062485417F00875A62 /* ConstantsForApp.swift in Sources */,
				CA9F8A482482CEEA007DED6A /* Secrets.swift in Sources */,
				CA9F8A4B2483821A007DED6A /* Extentions.swift in Sources */,
				CAB13FDC24894663004476BD /* SpinnerViewController.swift in Sources */,
				CAB13FDE24894D5C004476BD /* NameTableViewCell.swift in Sources */,
				CA9F8A332482C4C8007DED6A /* AppDelegate.swift in Sources */,
				CA9F8A4D2483894D007DED6A /* PickerBrain.swift in Sources */,
				CA6536082487C5FB00875A62 /* ResultsTableViewController.swift in Sources */,
				CAB13FE2248A32FC004476BD /* EffectTableViewCell.swift in Sources */,
				CA808A5224850787006CEA83 /* FetchData.swift in Sources */,
				CA9F8A352482C4C8007DED6A /* SceneDelegate.swift in Sources */,
			);
			runOnlyForDeploymentPostprocessing = 0;
		};
/* End PBXSourcesBuildPhase section */

/* Begin PBXVariantGroup section */
		CA9F8A3D2482C4CD007DED6A /* LaunchScreen.storyboard */ = {
			isa = PBXVariantGroup;
			children = (
				CA9F8A3E2482C4CD007DED6A /* Base */,
			);
			name = LaunchScreen.storyboard;
			sourceTree = "<group>";
		};
/* End PBXVariantGroup section */

/* Begin XCBuildConfiguration section */
		CA9F8A412482C4CD007DED6A /* Debug */ = {
			isa = XCBuildConfiguration;
			buildSettings = {
				ALWAYS_SEARCH_USER_PATHS = NO;
				CLANG_ANALYZER_NONNULL = YES;
				CLANG_ANALYZER_NUMBER_OBJECT_CONVERSION = YES_AGGRESSIVE;
				CLANG_CXX_LANGUAGE_STANDARD = "gnu++14";
				CLANG_CXX_LIBRARY = "libc++";
				CLANG_ENABLE_MODULES = YES;
				CLANG_ENABLE_OBJC_ARC = YES;
				CLANG_ENABLE_OBJC_WEAK = YES;
				CLANG_WARN_BLOCK_CAPTURE_AUTORELEASING = YES;
				CLANG_WARN_BOOL_CONVERSION = YES;
				CLANG_WARN_COMMA = YES;
				CLANG_WARN_CONSTANT_CONVERSION = YES;
				CLANG_WARN_DEPRECATED_OBJC_IMPLEMENTATIONS = YES;
				CLANG_WARN_DIRECT_OBJC_ISA_USAGE = YES_ERROR;
				CLANG_WARN_DOCUMENTATION_COMMENTS = YES;
				CLANG_WARN_EMPTY_BODY = YES;
				CLANG_WARN_ENUM_CONVERSION = YES;
				CLANG_WARN_INFINITE_RECURSION = YES;
				CLANG_WARN_INT_CONVERSION = YES;
				CLANG_WARN_NON_LITERAL_NULL_CONVERSION = YES;
				CLANG_WARN_OBJC_IMPLICIT_RETAIN_SELF = YES;
				CLANG_WARN_OBJC_LITERAL_CONVERSION = YES;
				CLANG_WARN_OBJC_ROOT_CLASS = YES_ERROR;
				CLANG_WARN_RANGE_LOOP_ANALYSIS = YES;
				CLANG_WARN_STRICT_PROTOTYPES = YES;
				CLANG_WARN_SUSPICIOUS_MOVE = YES;
				CLANG_WARN_UNGUARDED_AVAILABILITY = YES_AGGRESSIVE;
				CLANG_WARN_UNREACHABLE_CODE = YES;
				CLANG_WARN__DUPLICATE_METHOD_MATCH = YES;
				COPY_PHASE_STRIP = NO;
				DEBUG_INFORMATION_FORMAT = dwarf;
				ENABLE_STRICT_OBJC_MSGSEND = YES;
				ENABLE_TESTABILITY = YES;
				GCC_C_LANGUAGE_STANDARD = gnu11;
				GCC_DYNAMIC_NO_PIC = NO;
				GCC_NO_COMMON_BLOCKS = YES;
				GCC_OPTIMIZATION_LEVEL = 0;
				GCC_PREPROCESSOR_DEFINITIONS = (
					"DEBUG=1",
					"$(inherited)",
				);
				GCC_WARN_64_TO_32_BIT_CONVERSION = YES;
				GCC_WARN_ABOUT_RETURN_TYPE = YES_ERROR;
				GCC_WARN_UNDECLARED_SELECTOR = YES;
				GCC_WARN_UNINITIALIZED_AUTOS = YES_AGGRESSIVE;
				GCC_WARN_UNUSED_FUNCTION = YES;
				GCC_WARN_UNUSED_VARIABLE = YES;
				IPHONEOS_DEPLOYMENT_TARGET = 13.5;
				MTL_ENABLE_DEBUG_INFO = INCLUDE_SOURCE;
				MTL_FAST_MATH = YES;
				ONLY_ACTIVE_ARCH = YES;
				SDKROOT = iphoneos;
				SWIFT_ACTIVE_COMPILATION_CONDITIONS = DEBUG;
				SWIFT_OPTIMIZATION_LEVEL = "-Onone";
			};
			name = Debug;
		};
		CA9F8A422482C4CD007DED6A /* Release */ = {
			isa = XCBuildConfiguration;
			buildSettings = {
				ALWAYS_SEARCH_USER_PATHS = NO;
				CLANG_ANALYZER_NONNULL = YES;
				CLANG_ANALYZER_NUMBER_OBJECT_CONVERSION = YES_AGGRESSIVE;
				CLANG_CXX_LANGUAGE_STANDARD = "gnu++14";
				CLANG_CXX_LIBRARY = "libc++";
				CLANG_ENABLE_MODULES = YES;
				CLANG_ENABLE_OBJC_ARC = YES;
				CLANG_ENABLE_OBJC_WEAK = YES;
				CLANG_WARN_BLOCK_CAPTURE_AUTORELEASING = YES;
				CLANG_WARN_BOOL_CONVERSION = YES;
				CLANG_WARN_COMMA = YES;
				CLANG_WARN_CONSTANT_CONVERSION = YES;
				CLANG_WARN_DEPRECATED_OBJC_IMPLEMENTATIONS = YES;
				CLANG_WARN_DIRECT_OBJC_ISA_USAGE = YES_ERROR;
				CLANG_WARN_DOCUMENTATION_COMMENTS = YES;
				CLANG_WARN_EMPTY_BODY = YES;
				CLANG_WARN_ENUM_CONVERSION = YES;
				CLANG_WARN_INFINITE_RECURSION = YES;
				CLANG_WARN_INT_CONVERSION = YES;
				CLANG_WARN_NON_LITERAL_NULL_CONVERSION = YES;
				CLANG_WARN_OBJC_IMPLICIT_RETAIN_SELF = YES;
				CLANG_WARN_OBJC_LITERAL_CONVERSION = YES;
				CLANG_WARN_OBJC_ROOT_CLASS = YES_ERROR;
				CLANG_WARN_RANGE_LOOP_ANALYSIS = YES;
				CLANG_WARN_STRICT_PROTOTYPES = YES;
				CLANG_WARN_SUSPICIOUS_MOVE = YES;
				CLANG_WARN_UNGUARDED_AVAILABILITY = YES_AGGRESSIVE;
				CLANG_WARN_UNREACHABLE_CODE = YES;
				CLANG_WARN__DUPLICATE_METHOD_MATCH = YES;
				COPY_PHASE_STRIP = NO;
				DEBUG_INFORMATION_FORMAT = "dwarf-with-dsym";
				ENABLE_NS_ASSERTIONS = NO;
				ENABLE_STRICT_OBJC_MSGSEND = YES;
				GCC_C_LANGUAGE_STANDARD = gnu11;
				GCC_NO_COMMON_BLOCKS = YES;
				GCC_WARN_64_TO_32_BIT_CONVERSION = YES;
				GCC_WARN_ABOUT_RETURN_TYPE = YES_ERROR;
				GCC_WARN_UNDECLARED_SELECTOR = YES;
				GCC_WARN_UNINITIALIZED_AUTOS = YES_AGGRESSIVE;
				GCC_WARN_UNUSED_FUNCTION = YES;
				GCC_WARN_UNUSED_VARIABLE = YES;
				IPHONEOS_DEPLOYMENT_TARGET = 13.5;
				MTL_ENABLE_DEBUG_INFO = NO;
				MTL_FAST_MATH = YES;
				SDKROOT = iphoneos;
				SWIFT_COMPILATION_MODE = wholemodule;
				SWIFT_OPTIMIZATION_LEVEL = "-O";
				VALIDATE_PRODUCT = YES;
			};
			name = Release;
		};
		CA9F8A442482C4CD007DED6A /* Debug */ = {
			isa = XCBuildConfiguration;
			buildSettings = {
				ASSETCATALOG_COMPILER_APPICON_NAME = AppIcon;
				CODE_SIGN_STYLE = Automatic;
				DEVELOPMENT_TEAM = 4J7W4CYA5S;
				INFOPLIST_FILE = "Mariju-Wanna/Info.plist";
				IPHONEOS_DEPLOYMENT_TARGET = 13.0;
				LD_RUNPATH_SEARCH_PATHS = (
					"$(inherited)",
					"@executable_path/Frameworks",
				);
				PRODUCT_BUNDLE_IDENTIFIER = "NoamEfergan.Mariju-Wanna";
				PRODUCT_NAME = "$(TARGET_NAME)";
				SWIFT_VERSION = 5.0;
				TARGETED_DEVICE_FAMILY = 1;
			};
			name = Debug;
		};
		CA9F8A452482C4CD007DED6A /* Release */ = {
			isa = XCBuildConfiguration;
			buildSettings = {
				ASSETCATALOG_COMPILER_APPICON_NAME = AppIcon;
				CODE_SIGN_STYLE = Automatic;
				DEVELOPMENT_TEAM = 4J7W4CYA5S;
				INFOPLIST_FILE = "Mariju-Wanna/Info.plist";
				IPHONEOS_DEPLOYMENT_TARGET = 13.0;
				LD_RUNPATH_SEARCH_PATHS = (
					"$(inherited)",
					"@executable_path/Frameworks",
				);
				PRODUCT_BUNDLE_IDENTIFIER = "NoamEfergan.Mariju-Wanna";
				PRODUCT_NAME = "$(TARGET_NAME)";
				SWIFT_VERSION = 5.0;
				TARGETED_DEVICE_FAMILY = 1;
			};
			name = Release;
		};
/* End XCBuildConfiguration section */

/* Begin XCConfigurationList section */
		CA9F8A2A2482C4C8007DED6A /* Build configuration list for PBXProject "Mariju-Wanna" */ = {
			isa = XCConfigurationList;
			buildConfigurations = (
				CA9F8A412482C4CD007DED6A /* Debug */,
				CA9F8A422482C4CD007DED6A /* Release */,
			);
			defaultConfigurationIsVisible = 0;
			defaultConfigurationName = Release;
		};
		CA9F8A432482C4CD007DED6A /* Build configuration list for PBXNativeTarget "Mariju-Wanna" */ = {
			isa = XCConfigurationList;
			buildConfigurations = (
				CA9F8A442482C4CD007DED6A /* Debug */,
				CA9F8A452482C4CD007DED6A /* Release */,
			);
			defaultConfigurationIsVisible = 0;
			defaultConfigurationName = Release;
		};
/* End XCConfigurationList section */
	};
	rootObject = CA9F8A272482C4C8007DED6A /* Project object */;
}
